
Microsoft Visual Studio Solution File, Format Version 12.00
# Visual Studio 14
VisualStudioVersion = 14.0.24720.0
MinimumVisualStudioVersion = 10.0.40219.1
Project("{F2A71F9B-5D33-465A-A702-920D77279786}") = "WpfFsControls", "WpfFsControls\WpfFsControls.fsproj", "{662B6576-95B3-4B79-BB5B-4A9324D4334B}"
EndProject
Project("{2150E333-8FDC-42A3-9474-1A3956D46DE8}") = "Solution Items", "Solution Items", "{18CAED78-48DF-453C-AB27-AB91BA0A11AE}"
	ProjectSection(SolutionItems) = preProject
		.gitignore = .gitignore
		paket.dependencies = paket.dependencies
		README.md = README.md
		nuget\RZ.Wpf.dll.nuspec = nuget\RZ.Wpf.dll.nuspec
	EndProjectSection
EndProject
Project("{2150E333-8FDC-42A3-9474-1A3956D46DE8}") = "Samples", "Samples", "{27A4AFDF-6D7E-4EDF-A3F1-FCCA33C9B5F3}"
EndProject
Project("{F2A71F9B-5D33-465A-A702-920D77279786}") = "WpfFs.Common", "Samples\WpfFs.Common\WpfFs.Common.fsproj", "{39E97F56-CEA0-4E55-889E-41A26DD619F4}"
EndProject
Project("{F2A71F9B-5D33-465A-A702-920D77279786}") = "WpfFs", "Samples\WpfFs\WpfFs.fsproj", "{F1142FCF-BC7E-40A1-BFC0-EC5BF9512C17}"
EndProject
Project("{F2A71F9B-5D33-465A-A702-920D77279786}") = "SimpleWindow", "Samples\SimpleWindow\SimpleWindow.fsproj", "{A71BA571-3FEC-4EF0-90BA-69988DB5994D}"
EndProject
Global
	GlobalSection(SolutionConfigurationPlatforms) = preSolution
		Debug|Any CPU = Debug|Any CPU
		Release|Any CPU = Release|Any CPU
	EndGlobalSection
	GlobalSection(ProjectConfigurationPlatforms) = postSolution
		{662B6576-95B3-4B79-BB5B-4A9324D4334B}.Debug|Any CPU.ActiveCfg = Debug|Any CPU
		{662B6576-95B3-4B79-BB5B-4A9324D4334B}.Debug|Any CPU.Build.0 = Debug|Any CPU
		{662B6576-95B3-4B79-BB5B-4A9324D4334B}.Release|Any CPU.ActiveCfg = Release|Any CPU
		{662B6576-95B3-4B79-BB5B-4A9324D4334B}.Release|Any CPU.Build.0 = Release|Any CPU
		{39E97F56-CEA0-4E55-889E-41A26DD619F4}.Debug|Any CPU.ActiveCfg = Debug|Any CPU
		{39E97F56-CEA0-4E55-889E-41A26DD619F4}.Debug|Any CPU.Build.0 = Debug|Any CPU
		{39E97F56-CEA0-4E55-889E-41A26DD619F4}.Release|Any CPU.ActiveCfg = Release|Any CPU
		{39E97F56-CEA0-4E55-889E-41A26DD619F4}.Release|Any CPU.Build.0 = Release|Any CPU
		{F1142FCF-BC7E-40A1-BFC0-EC5BF9512C17}.Debug|Any CPU.ActiveCfg = Debug|Any CPU
		{F1142FCF-BC7E-40A1-BFC0-EC5BF9512C17}.Debug|Any CPU.Build.0 = Debug|Any CPU
		{F1142FCF-BC7E-40A1-BFC0-EC5BF9512C17}.Release|Any CPU.ActiveCfg = Release|Any CPU
		{F1142FCF-BC7E-40A1-BFC0-EC5BF9512C17}.Release|Any CPU.Build.0 = Release|Any CPU
		{A71BA571-3FEC-4EF0-90BA-69988DB5994D}.Debug|Any CPU.ActiveCfg = Debug|Any CPU
		{A71BA571-3FEC-4EF0-90BA-69988DB5994D}.Debug|Any CPU.Build.0 = Debug|Any CPU
		{A71BA571-3FEC-4EF0-90BA-69988DB5994D}.Release|Any CPU.ActiveCfg = Release|Any CPU
		{A71BA571-3FEC-4EF0-90BA-69988DB5994D}.Release|Any CPU.Build.0 = Release|Any CPU
	EndGlobalSection
	GlobalSection(SolutionProperties) = preSolution
		HideSolutionNode = FALSE
	EndGlobalSection
	GlobalSection(NestedProjects) = preSolution
		{39E97F56-CEA0-4E55-889E-41A26DD619F4} = {27A4AFDF-6D7E-4EDF-A3F1-FCCA33C9B5F3}
		{F1142FCF-BC7E-40A1-BFC0-EC5BF9512C17} = {27A4AFDF-6D7E-4EDF-A3F1-FCCA33C9B5F3}
		{A71BA571-3FEC-4EF0-90BA-69988DB5994D} = {27A4AFDF-6D7E-4EDF-A3F1-FCCA33C9B5F3}
	EndGlobalSection
EndGlobal
